
Microsoft Visual Studio Solution File, Format Version 12.00
# Visual Studio Version 17
VisualStudioVersion = 17.5.33530.505
MinimumVisualStudioVersion = 10.0.40219.1
Project("{FAE04EC0-301F-11D3-BF4B-00C04F79EFBC}") = "GitLabApp", "GitLabApp.csproj", "{4ABC9045-7C4A-4723-8448-0AB63F724D31}"
EndProject
Global
	GlobalSection(SolutionConfigurationPlatforms) = preSolution
		Debug|Any CPU = Debug|Any CPU
		Release|Any CPU = Release|Any CPU
	EndGlobalSection
	GlobalSection(ProjectConfigurationPlatforms) = postSolution
		{4ABC9045-7C4A-4723-8448-0AB63F724D31}.Debug|Any CPU.ActiveCfg = Debug|Any CPU
		{4ABC9045-7C4A-4723-8448-0AB63F724D31}.Debug|Any CPU.Build.0 = Debug|Any CPU
		{4ABC9045-7C4A-4723-8448-0AB63F724D31}.Release|Any CPU.ActiveCfg = Release|Any CPU
		{4ABC9045-7C4A-4723-8448-0AB63F724D31}.Release|Any CPU.Build.0 = Release|Any CPU
	EndGlobalSection
	GlobalSection(SolutionProperties) = preSolution
		HideSolutionNode = FALSE
	EndGlobalSection
	GlobalSection(ExtensibilityGlobals) = postSolution
		SolutionGuid = {B7C40BCE-8EC3-4FB8-AD3C-EB795EE96F21}
	EndGlobalSection
EndGlobal
